
Microsoft Visual Studio Solution File, Format Version 12.00
Project("{FAE04EC0-301F-11D3-BF4B-00C04F79EFBC}") = "WebApplication2", "WebApplication2\WebApplication2.csproj", "{DE83686D-F23E-4208-964C-A2DB6563AA26}"
EndProject
Global
	GlobalSection(SolutionConfigurationPlatforms) = preSolution
		Debug|Any CPU = Debug|Any CPU
		Release|Any CPU = Release|Any CPU
	EndGlobalSection
	GlobalSection(ProjectConfigurationPlatforms) = postSolution
		{DE83686D-F23E-4208-964C-A2DB6563AA26}.Debug|Any CPU.ActiveCfg = Debug|Any CPU
		{DE83686D-F23E-4208-964C-A2DB6563AA26}.Debug|Any CPU.Build.0 = Debug|Any CPU
		{DE83686D-F23E-4208-964C-A2DB6563AA26}.Release|Any CPU.ActiveCfg = Release|Any CPU
		{DE83686D-F23E-4208-964C-A2DB6563AA26}.Release|Any CPU.Build.0 = Release|Any CPU
	EndGlobalSection
EndGlobal
